// !$*UTF8*$!
{
	archiveVersion = 1;
	classes = {
	};
	objectVersion = 48;
	objects = {

/* Begin PBXBuildFile section */
		B6914DAB1FBA1E8E0063CB9B /* AppDelegate.swift in Sources */ = {isa = PBXBuildFile; fileRef = B6914DAA1FBA1E8E0063CB9B /* AppDelegate.swift */; };
		B6914DAD1FBA1E8F0063CB9B /* CollectionViewController.swift in Sources */ = {isa = PBXBuildFile; fileRef = B6914DAC1FBA1E8E0063CB9B /* CollectionViewController.swift */; };
		B6914DB01FBA1E8F0063CB9B /* Main.storyboard in Resources */ = {isa = PBXBuildFile; fileRef = B6914DAE1FBA1E8F0063CB9B /* Main.storyboard */; };
		B6914DB21FBA1E8F0063CB9B /* Assets.xcassets in Resources */ = {isa = PBXBuildFile; fileRef = B6914DB11FBA1E8F0063CB9B /* Assets.xcassets */; };
		B6914DB51FBA1E8F0063CB9B /* LaunchScreen.storyboard in Resources */ = {isa = PBXBuildFile; fileRef = B6914DB31FBA1E8F0063CB9B /* LaunchScreen.storyboard */; };
		B6FC58921FBB4D35009B8279 /* MugCellCollectionViewCell.swift in Sources */ = {isa = PBXBuildFile; fileRef = B6FC58901FBB4D35009B8279 /* MugCellCollectionViewCell.swift */; };
		B6FC58931FBB4D35009B8279 /* MugCellCollectionViewCell.xib in Resources */ = {isa = PBXBuildFile; fileRef = B6FC58911FBB4D35009B8279 /* MugCellCollectionViewCell.xib */; };
/* End PBXBuildFile section */

/* Begin PBXFileReference section */
		B6914DA71FBA1E8E0063CB9B /* CollectionViewTest.app */ = {isa = PBXFileReference; explicitFileType = wrapper.application; includeInIndex = 0; path = CollectionViewTest.app; sourceTree = BUILT_PRODUCTS_DIR; };
		B6914DAA1FBA1E8E0063CB9B /* AppDelegate.swift */ = {isa = PBXFileReference; lastKnownFileType = sourcecode.swift; path = AppDelegate.swift; sourceTree = "<group>"; };
		B6914DAC1FBA1E8E0063CB9B /* CollectionViewController.swift */ = {isa = PBXFileReference; lastKnownFileType = sourcecode.swift; path = CollectionViewController.swift; sourceTree = "<group>"; };
		B6914DAF1FBA1E8F0063CB9B /* Base */ = {isa = PBXFileReference; lastKnownFileType = file.storyboard; name = Base; path = Base.lproj/Main.storyboard; sourceTree = "<group>"; };
		B6914DB11FBA1E8F0063CB9B /* Assets.xcassets */ = {isa = PBXFileReference; lastKnownFileType = folder.assetcatalog; path = Assets.xcassets; sourceTree = "<group>"; };
		B6914DB41FBA1E8F0063CB9B /* Base */ = {isa = PBXFileReference; lastKnownFileType = file.storyboard; name = Base; path = Base.lproj/LaunchScreen.storyboard; sourceTree = "<group>"; };
		B6914DB61FBA1E8F0063CB9B /* Info.plist */ = {isa = PBXFileReference; lastKnownFileType = text.plist.xml; path = Info.plist; sourceTree = "<group>"; };
		B6FC58901FBB4D35009B8279 /* MugCellCollectionViewCell.swift */ = {isa = PBXFileReference; lastKnownFileType = sourcecode.swift; path = MugCellCollectionViewCell.swift; sourceTree = "<group>"; };
		B6FC58911FBB4D35009B8279 /* MugCellCollectionViewCell.xib */ = {isa = PBXFileReference; lastKnownFileType = file.xib; path = MugCellCollectionViewCell.xib; sourceTree = "<group>"; };
/* End PBXFileReference section */

/* Begin PBXFrameworksBuildPhase section */
		B6914DA41FBA1E8E0063CB9B /* Frameworks */ = {
			isa = PBXFrameworksBuildPhase;
			buildActionMask = 2147483647;
			files = (
			);
			runOnlyForDeploymentPostprocessing = 0;
		};
/* End PBXFrameworksBuildPhase section */

/* Begin PBXGroup section */
		B6914D9E1FBA1E8E0063CB9B = {
			isa = PBXGroup;
			children = (
				B6914DA91FBA1E8E0063CB9B /* CollectionViewTest */,
				B6914DA81FBA1E8E0063CB9B /* Products */,
			);
			sourceTree = "<group>";
		};
		B6914DA81FBA1E8E0063CB9B /* Products */ = {
			isa = PBXGroup;
			children = (
				B6914DA71FBA1E8E0063CB9B /* CollectionViewTest.app */,
			);
			name = Products;
			sourceTree = "<group>";
		};
		B6914DA91FBA1E8E0063CB9B /* CollectionViewTest */ = {
			isa = PBXGroup;
			children = (
				B6FC58901FBB4D35009B8279 /* MugCellCollectionViewCell.swift */,
				B6FC58911FBB4D35009B8279 /* MugCellCollectionViewCell.xib */,
				B6914DAA1FBA1E8E0063CB9B /* AppDelegate.swift */,
				B6914DAC1FBA1E8E0063CB9B /* CollectionViewController.swift */,
				B6914DAE1FBA1E8F0063CB9B /* Main.storyboard */,
				B6914DB11FBA1E8F0063CB9B /* Assets.xcassets */,
				B6914DB31FBA1E8F0063CB9B /* LaunchScreen.storyboard */,
				B6914DB61FBA1E8F0063CB9B /* Info.plist */,
			);
			path = CollectionViewTest;
			sourceTree = "<group>";
		};
/* End PBXGroup section */

/* Begin PBXNativeTarget section */
		B6914DA61FBA1E8E0063CB9B /* CollectionViewTest */ = {
			isa = PBXNativeTarget;
			buildConfigurationList = B6914DB91FBA1E8F0063CB9B /* Build configuration list for PBXNativeTarget "CollectionViewTest" */;
			buildPhases = (
				B6914DA31FBA1E8E0063CB9B /* Sources */,
				B6914DA41FBA1E8E0063CB9B /* Frameworks */,
				B6914DA51FBA1E8E0063CB9B /* Resources */,
			);
			buildRules = (
			);
			dependencies = (
			);
			name = CollectionViewTest;
			productName = CollectionViewTest;
			productReference = B6914DA71FBA1E8E0063CB9B /* CollectionViewTest.app */;
			productType = "com.apple.product-type.application";
		};
/* End PBXNativeTarget section */

/* Begin PBXProject section */
		B6914D9F1FBA1E8E0063CB9B /* Project object */ = {
			isa = PBXProject;
			attributes = {
				LastSwiftUpdateCheck = 0910;
				LastUpgradeCheck = 0910;
				ORGANIZATIONNAME = "Michael Rojas";
				TargetAttributes = {
					B6914DA61FBA1E8E0063CB9B = {
						CreatedOnToolsVersion = 9.1;
						ProvisioningStyle = Automatic;
					};
				};
			};
			buildConfigurationList = B6914DA21FBA1E8E0063CB9B /* Build configuration list for PBXProject "CollectionViewTest" */;
			compatibilityVersion = "Xcode 8.0";
			developmentRegion = en;
			hasScannedForEncodings = 0;
			knownRegions = (
				en,
				Base,
			);
			mainGroup = B6914D9E1FBA1E8E0063CB9B;
			productRefGroup = B6914DA81FBA1E8E0063CB9B /* Products */;
			projectDirPath = "";
			projectRoot = "";
			targets = (
				B6914DA61FBA1E8E0063CB9B /* CollectionViewTest */,
			);
		};
/* End PBXProject section */

/* Begin PBXResourcesBuildPhase section */
		B6914DA51FBA1E8E0063CB9B /* Resources */ = {
			isa = PBXResourcesBuildPhase;
			buildActionMask = 2147483647;
			files = (
				B6914DB51FBA1E8F0063CB9B /* LaunchScreen.storyboard in Resources */,
				B6914DB21FBA1E8F0063CB9B /* Assets.xcassets in Resources */,
				B6FC58931FBB4D35009B8279 /* MugCellCollectionViewCell.xib in Resources */,
				B6914DB01FBA1E8F0063CB9B /* Main.storyboard in Resources */,
			);
			runOnlyForDeploymentPostprocessing = 0;
		};
/* End PBXResourcesBuildPhase section */

/* Begin PBXSourcesBuildPhase section */
		B6914DA31FBA1E8E0063CB9B /* Sources */ = {
			isa = PBXSourcesBuildPhase;
			buildActionMask = 2147483647;
			files = (
				B6FC58921FBB4D35009B8279 /* MugCellCollectionViewCell.swift in Sources */,
				B6914DAD1FBA1E8F0063CB9B /* CollectionViewController.swift in Sources */,
				B6914DAB1FBA1E8E0063CB9B /* AppDelegate.swift in Sources */,
			);
			runOnlyForDeploymentPostprocessing = 0;
		};
/* End PBXSourcesBuildPhase section */

/* Begin PBXVariantGroup section */
		B6914DAE1FBA1E8F0063CB9B /* Main.storyboard */ = {
			isa = PBXVariantGroup;
			children = (
				B6914DAF1FBA1E8F0063CB9B /* Base */,
			);
			name = Main.storyboard;
			sourceTree = "<group>";
		};
		B6914DB31FBA1E8F0063CB9B /* LaunchScreen.storyboard */ = {
			isa = PBXVariantGroup;
			children = (
				B6914DB41FBA1E8F0063CB9B /* Base */,
			);
			name = LaunchScreen.storyboard;
			sourceTree = "<group>";
		};
/* End PBXVariantGroup section */

/* Begin XCBuildConfiguration section */
		B6914DB71FBA1E8F0063CB9B /* Debug */ = {
			isa = XCBuildConfiguration;
			buildSettings = {
				ALWAYS_SEARCH_USER_PATHS = NO;
				CLANG_ANALYZER_NONNULL = YES;
				CLANG_ANALYZER_NUMBER_OBJECT_CONVERSION = YES_AGGRESSIVE;
				CLANG_CXX_LANGUAGE_STANDARD = "gnu++14";
				CLANG_CXX_LIBRARY = "libc++";
				CLANG_ENABLE_MODULES = YES;
				CLANG_ENABLE_OBJC_ARC = YES;
				CLANG_WARN_BLOCK_CAPTURE_AUTORELEASING = YES;
				CLANG_WARN_BOOL_CONVERSION = YES;
				CLANG_WARN_COMMA = YES;
				CLANG_WARN_CONSTANT_CONVERSION = YES;
				CLANG_WARN_DIRECT_OBJC_ISA_USAGE = YES_ERROR;
				CLANG_WARN_DOCUMENTATION_COMMENTS = YES;
				CLANG_WARN_EMPTY_BODY = YES;
				CLANG_WARN_ENUM_CONVERSION = YES;
				CLANG_WARN_INFINITE_RECURSION = YES;
				CLANG_WARN_INT_CONVERSION = YES;
				CLANG_WARN_NON_LITERAL_NULL_CONVERSION = YES;
				CLANG_WARN_OBJC_LITERAL_CONVERSION = YES;
				CLANG_WARN_OBJC_ROOT_CLASS = YES_ERROR;
				CLANG_WARN_RANGE_LOOP_ANALYSIS = YES;
				CLANG_WARN_STRICT_PROTOTYPES = YES;
				CLANG_WARN_SUSPICIOUS_MOVE = YES;
				CLANG_WARN_UNGUARDED_AVAILABILITY = YES_AGGRESSIVE;
				CLANG_WARN_UNREACHABLE_CODE = YES;
				CLANG_WARN__DUPLICATE_METHOD_MATCH = YES;
				CODE_SIGN_IDENTITY = "iPhone Developer";
				COPY_PHASE_STRIP = NO;
				DEBUG_INFORMATION_FORMAT = dwarf;
				ENABLE_STRICT_OBJC_MSGSEND = YES;
				ENABLE_TESTABILITY = YES;
				GCC_C_LANGUAGE_STANDARD = gnu11;
				GCC_DYNAMIC_NO_PIC = NO;
				GCC_NO_COMMON_BLOCKS = YES;
				GCC_OPTIMIZATION_LEVEL = 0;
				GCC_PREPROCESSOR_DEFINITIONS = (
					"DEBUG=1",
					"$(inherited)",
				);
				GCC_WARN_64_TO_32_BIT_CONVERSION = YES;
				GCC_WARN_ABOUT_RETURN_TYPE = YES_ERROR;
				GCC_WARN_UNDECLARED_SELECTOR = YES;
				GCC_WARN_UNINITIALIZED_AUTOS = YES_AGGRESSIVE;
				GCC_WARN_UNUSED_FUNCTION = YES;
				GCC_WARN_UNUSED_VARIABLE = YES;
				IPHONEOS_DEPLOYMENT_TARGET = 11.1;
				MTL_ENABLE_DEBUG_INFO = YES;
				ONLY_ACTIVE_ARCH = YES;
				SDKROOT = iphoneos;
				SWIFT_ACTIVE_COMPILATION_CONDITIONS = DEBUG;
				SWIFT_OPTIMIZATION_LEVEL = "-Onone";
			};
			name = Debug;
		};
		B6914DB81FBA1E8F0063CB9B /* Release */ = {
			isa = XCBuildConfiguration;
			buildSettings = {
				ALWAYS_SEARCH_USER_PATHS = NO;
				CLANG_ANALYZER_NONNULL = YES;
				CLANG_ANALYZER_NUMBER_OBJECT_CONVERSION = YES_AGGRESSIVE;
				CLANG_CXX_LANGUAGE_STANDARD = "gnu++14";
				CLANG_CXX_LIBRARY = "libc++";
				CLANG_ENABLE_MODULES = YES;
				CLANG_ENABLE_OBJC_ARC = YES;
				CLANG_WARN_BLOCK_CAPTURE_AUTORELEASING = YES;
				CLANG_WARN_BOOL_CONVERSION = YES;
				CLANG_WARN_COMMA = YES;
				CLANG_WARN_CONSTANT_CONVERSION = YES;
				CLANG_WARN_DIRECT_OBJC_ISA_USAGE = YES_ERROR;
				CLANG_WARN_DOCUMENTATION_COMMENTS = YES;
				CLANG_WARN_EMPTY_BODY = YES;
				CLANG_WARN_ENUM_CONVERSION = YES;
				CLANG_WARN_INFINITE_RECURSION = YES;
				CLANG_WARN_INT_CONVERSION = YES;
				CLANG_WARN_NON_LITERAL_NULL_CONVERSION = YES;
				CLANG_WARN_OBJC_LITERAL_CONVERSION = YES;
				CLANG_WARN_OBJC_ROOT_CLASS = YES_ERROR;
				CLANG_WARN_RANGE_LOOP_ANALYSIS = YES;
				CLANG_WARN_STRICT_PROTOTYPES = YES;
				CLANG_WARN_SUSPICIOUS_MOVE = YES;
				CLANG_WARN_UNGUARDED_AVAILABILITY = YES_AGGRESSIVE;
				CLANG_WARN_UNREACHABLE_CODE = YES;
				CLANG_WARN__DUPLICATE_METHOD_MATCH = YES;
				CODE_SIGN_IDENTITY = "iPhone Developer";
				COPY_PHASE_STRIP = NO;
				DEBUG_INFORMATION_FORMAT = "dwarf-with-dsym";
				ENABLE_NS_ASSERTIONS = NO;
				ENABLE_STRICT_OBJC_MSGSEND = YES;
				GCC_C_LANGUAGE_STANDARD = gnu11;
				GCC_NO_COMMON_BLOCKS = YES;
				GCC_WARN_64_TO_32_BIT_CONVERSION = YES;
				GCC_WARN_ABOUT_RETURN_TYPE = YES_ERROR;
				GCC_WARN_UNDECLARED_SELECTOR = YES;
				GCC_WARN_UNINITIALIZED_AUTOS = YES_AGGRESSIVE;
				GCC_WARN_UNUSED_FUNCTION = YES;
				GCC_WARN_UNUSED_VARIABLE = YES;
				IPHONEOS_DEPLOYMENT_TARGET = 11.1;
				MTL_ENABLE_DEBUG_INFO = NO;
				SDKROOT = iphoneos;
				SWIFT_OPTIMIZATION_LEVEL = "-Owholemodule";
				VALIDATE_PRODUCT = YES;
			};
			name = Release;
		};
		B6914DBA1FBA1E8F0063CB9B /* Debug */ = {
			isa = XCBuildConfiguration;
			buildSettings = {
				ASSETCATALOG_COMPILER_APPICON_NAME = AppIcon;
				CODE_SIGN_STYLE = Automatic;
				DEVELOPMENT_TEAM = G42B8LHM76;
				INFOPLIST_FILE = CollectionViewTest/Info.plist;
				LD_RUNPATH_SEARCH_PATHS = "$(inherited) @executable_path/Frameworks";
				PRODUCT_BUNDLE_IDENTIFIER = com.michaelrojas.CollectionViewTest;
				PRODUCT_NAME = "$(TARGET_NAME)";
				SWIFT_VERSION = 4.0;
				TARGETED_DEVICE_FAMILY = "1,2";
			};
			name = Debug;
		};
		B6914DBB1FBA1E8F0063CB9B /* Release */ = {
			isa = XCBuildConfiguration;
			buildSettings = {
				ASSETCATALOG_COMPILER_APPICON_NAME = AppIcon;
				CODE_SIGN_STYLE = Automatic;
				DEVELOPMENT_TEAM = G42B8LHM76;
				INFOPLIST_FILE = CollectionViewTest/Info.plist;
				LD_RUNPATH_SEARCH_PATHS = "$(inherited) @executable_path/Frameworks";
				PRODUCT_BUNDLE_IDENTIFIER = com.michaelrojas.CollectionViewTest;
				PRODUCT_NAME = "$(TARGET_NAME)";
				SWIFT_VERSION = 4.0;
				TARGETED_DEVICE_FAMILY = "1,2";
			};
			name = Release;
		};
/* End XCBuildConfiguration section */

/* Begin XCConfigurationList section */
		B6914DA21FBA1E8E0063CB9B /* Build configuration list for PBXProject "CollectionViewTest" */ = {
			isa = XCConfigurationList;
			buildConfigurations = (
				B6914DB71FBA1E8F0063CB9B /* Debug */,
				B6914DB81FBA1E8F0063CB9B /* Release */,
			);
			defaultConfigurationIsVisible = 0;
			defaultConfigurationName = Release;
		};
		B6914DB91FBA1E8F0063CB9B /* Build configuration list for PBXNativeTarget "CollectionViewTest" */ = {
			isa = XCConfigurationList;
			buildConfigurations = (
				B6914DBA1FBA1E8F0063CB9B /* Debug */,
				B6914DBB1FBA1E8F0063CB9B /* Release */,
			);
			defaultConfigurationIsVisible = 0;
			defaultConfigurationName = Release;
		};
/* End XCConfigurationList section */
	};
	rootObject = B6914D9F1FBA1E8E0063CB9B /* Project object */;
}
